
Microsoft Visual Studio Solution File, Format Version 12.00
# Visual Studio 2012
Project("{E24C65DC-7377-472B-9ABA-BC803B73C61A}") = "Root", "http://localhost:47383", "{B610E3CB-FB16-4977-A45C-301BD2C7DAA3}"
	ProjectSection(WebsiteProperties) = preProject
		UseIISExpress = "true"
		TargetFrameworkMoniker = ".NETFramework,Version%3Dv4.5"
		Debug.AspNetCompiler.VirtualPath = "/localhost_47383"
		Debug.AspNetCompiler.PhysicalPath = "C:\Users\Matthew\Dropbox\Work\Website\Root\"
		Debug.AspNetCompiler.TargetPath = "PrecompiledWeb\localhost_47383\"
		Debug.AspNetCompiler.Updateable = "true"
		Debug.AspNetCompiler.ForceOverwrite = "true"
		Debug.AspNetCompiler.FixedNames = "false"
		Debug.AspNetCompiler.Debug = "True"
		Release.AspNetCompiler.VirtualPath = "/localhost_47383"
		Release.AspNetCompiler.PhysicalPath = "C:\Users\Matthew\Dropbox\Work\Website\Root"
		Release.AspNetCompiler.TargetPath = "PrecompiledWeb\localhost_47383\"
		Release.AspNetCompiler.Updateable = "true"
		Release.AspNetCompiler.ForceOverwrite = "true"
		Release.AspNetCompiler.FixedNames = "false"
		Release.AspNetCompiler.Debug = "False"
		SlnRelativePath = "C:\Users\Matthew\Dropbox\Work\Website\Root"
		DefaultWebSiteLanguage = "Visual C#"
	EndProjectSection
EndProject
Global
	GlobalSection(SolutionConfigurationPlatforms) = preSolution
		Debug|Any CPU = Debug|Any CPU
	EndGlobalSection
	GlobalSection(ProjectConfigurationPlatforms) = postSolution
		{B610E3CB-FB16-4977-A45C-301BD2C7DAA3}.Debug|Any CPU.ActiveCfg = Debug|Any CPU
		{B610E3CB-FB16-4977-A45C-301BD2C7DAA3}.Debug|Any CPU.Build.0 = Debug|Any CPU
	EndGlobalSection
	GlobalSection(SolutionProperties) = preSolution
		HideSolutionNode = FALSE
	EndGlobalSection
EndGlobal
